
Microsoft Visual Studio Solution File, Format Version 12.00
Project("{FAE04EC0-301F-11D3-BF4B-00C04F79EFBC}") = "Polski.Cli", "Polski.Cli\Polski.Cli.csproj", "{8264FC19-D694-4758-8225-291C164532A8}"
EndProject
Project("{FAE04EC0-301F-11D3-BF4B-00C04F79EFBC}") = "Polski.Compiler", "Polski.Compiler\Polski.Compiler.csproj", "{1A21E0DB-40ED-43F4-9003-CD8384E53C36}"
EndProject
Project("{FAE04EC0-301F-11D3-BF4B-00C04F79EFBC}") = "Polski.Compiler.Tests", "Polski.Compiler.Tests\Polski.Compiler.Tests.csproj", "{F96C1FE3-1D35-41EC-8618-E9C05BA0AA08}"
EndProject
Global
	GlobalSection(SolutionConfigurationPlatforms) = preSolution
		Debug|Any CPU = Debug|Any CPU
		Release|Any CPU = Release|Any CPU
	EndGlobalSection
	GlobalSection(ProjectConfigurationPlatforms) = postSolution
		{8264FC19-D694-4758-8225-291C164532A8}.Debug|Any CPU.ActiveCfg = Debug|Any CPU
		{8264FC19-D694-4758-8225-291C164532A8}.Debug|Any CPU.Build.0 = Debug|Any CPU
		{8264FC19-D694-4758-8225-291C164532A8}.Release|Any CPU.ActiveCfg = Release|Any CPU
		{8264FC19-D694-4758-8225-291C164532A8}.Release|Any CPU.Build.0 = Release|Any CPU
		{1A21E0DB-40ED-43F4-9003-CD8384E53C36}.Debug|Any CPU.ActiveCfg = Debug|Any CPU
		{1A21E0DB-40ED-43F4-9003-CD8384E53C36}.Debug|Any CPU.Build.0 = Debug|Any CPU
		{1A21E0DB-40ED-43F4-9003-CD8384E53C36}.Release|Any CPU.ActiveCfg = Release|Any CPU
		{1A21E0DB-40ED-43F4-9003-CD8384E53C36}.Release|Any CPU.Build.0 = Release|Any CPU
		{F96C1FE3-1D35-41EC-8618-E9C05BA0AA08}.Debug|Any CPU.ActiveCfg = Debug|Any CPU
		{F96C1FE3-1D35-41EC-8618-E9C05BA0AA08}.Debug|Any CPU.Build.0 = Debug|Any CPU
		{F96C1FE3-1D35-41EC-8618-E9C05BA0AA08}.Release|Any CPU.ActiveCfg = Release|Any CPU
		{F96C1FE3-1D35-41EC-8618-E9C05BA0AA08}.Release|Any CPU.Build.0 = Release|Any CPU
	EndGlobalSection
EndGlobal
